
Microsoft Visual Studio Solution File, Format Version 12.00
# Visual Studio Version 17
VisualStudioVersion = 17.5.33502.453
MinimumVisualStudioVersion = 10.0.40219.1
Project("{9A19103F-16F7-4668-BE54-9A1E7A4F7556}") = "DebugMod", "DebugMod\DebugMod.csproj", "{7177FB27-3090-428E-8BBD-66A112ED0B74}"
	ProjectSection(ProjectDependencies) = postProject
		{02CCAC79-193D-4271-A292-8DFD8F0180DF} = {02CCAC79-193D-4271-A292-8DFD8F0180DF}
		{4C29E729-2856-46C8-9D85-F70EE246EB0F} = {4C29E729-2856-46C8-9D85-F70EE246EB0F}
		{A531E477-6831-4D77-8807-C34580E4964D} = {A531E477-6831-4D77-8807-C34580E4964D}
	EndProjectSection
EndProject
Project("{9A19103F-16F7-4668-BE54-9A1E7A4F7556}") = "ShadowsOfDoubtEditorSetup", "ShadowsOfDoubtEditorSetup\ShadowsOfDoubtEditorSetup.csproj", "{7673F200-F832-4EBF-8376-451D9F64AD92}"
EndProject
Project("{9A19103F-16F7-4668-BE54-9A1E7A4F7556}") = "RealEstateListingCruncherApp", "RealEstateListingCruncherApp\RealEstateListingCruncherApp.csproj", "{4C29E729-2856-46C8-9D85-F70EE246EB0F}"
EndProject
Project("{9A19103F-16F7-4668-BE54-9A1E7A4F7556}") = "AnyCitySize", "AnyCitySize\AnyCitySize.csproj", "{A531E477-6831-4D77-8807-C34580E4964D}"
EndProject
Project("{9A19103F-16F7-4668-BE54-9A1E7A4F7556}") = "DDSLoader", "DDSLoader\DDSLoader.csproj", "{02CCAC79-193D-4271-A292-8DFD8F0180DF}"
EndProject
Project("{9A19103F-16F7-4668-BE54-9A1E7A4F7556}") = "AssetBundleLoader", "AssetBundleLoader\AssetBundleLoader.csproj", "{A865E62D-0D77-44A0-9EFB-6815DDC7590A}"
EndProject
Project("{9A19103F-16F7-4668-BE54-9A1E7A4F7556}") = "AssetBundleLoaderTest", "AssetBundleLoaderTest\AssetBundleLoaderTest.csproj", "{9D6F15FF-9AA1-4868-A056-66834BF447B4}"
EndProject
Project("{9A19103F-16F7-4668-BE54-9A1E7A4F7556}") = "NewMurderTypes", "NewMurderTypes\NewMurderTypes.csproj", "{2F990E6A-202F-47DC-9069-DB2BD691080A}"
EndProject
Project("{9A19103F-16F7-4668-BE54-9A1E7A4F7556}") = "CaseBoardScroll", "CaseBoardScroll\CaseBoardScroll.csproj", "{D5ACE5AF-F044-4DD5-BBB7-F8FAE3E4C645}"
EndProject
Project("{9A19103F-16F7-4668-BE54-9A1E7A4F7556}") = "MoreMurderCyphers", "MoreMurderCyphers\MoreMurderCyphers.csproj", "{0F7FCE63-5F34-43C9-89A4-246A28F5613A}"
EndProject
Project("{9A19103F-16F7-4668-BE54-9A1E7A4F7556}") = "CruncherSolitaire", "CruncherSolitaire\CruncherSolitaire.csproj", "{53B3E0C3-2CE9-4AD1-9EE8-E272F26586BA}"
EndProject
Project("{9A19103F-16F7-4668-BE54-9A1E7A4F7556}") = "ExampleBranchSafeMod", "ExampleBranchSafeMod\ExampleBranchSafeMod.csproj", "{59834391-435A-4088-B88C-2B9E5D5B8201}"
EndProject
Project("{9A19103F-16F7-4668-BE54-9A1E7A4F7556}") = "MedicalRecordsCruncherApp", "MedicalRecordsCruncherApp\MedicalRecordsCruncherApp.csproj", "{118FD12F-EB8E-4B58-9541-FC7E1C4EF995}"
EndProject
Project("{9A19103F-16F7-4668-BE54-9A1E7A4F7556}") = "ApartmentRent", "ApartmentRent\ApartmentRent.csproj", "{5A5A7162-2CE0-4F7E-A597-FCB2CC364930}"
EndProject
Project("{9A19103F-16F7-4668-BE54-9A1E7A4F7556}") = "DialogAdditions", "DialogAdditions\DialogAdditions.csproj", "{AEB8163E-2DBE-4DC7-AC72-609E7C08AA8C}"
EndProject
Project("{9A19103F-16F7-4668-BE54-9A1E7A4F7556}") = "NoHandcuffEscapes", "NoHandcuffEscapes\NoHandcuffEscapes.csproj", "{DA56F85E-90EC-4D0D-9F21-48F20D883D8A}"
EndProject
Project("{9A19103F-16F7-4668-BE54-9A1E7A4F7556}") = "NPCSocialCalls", "NPCSocialCalls\NPCSocialCalls.csproj", "{86905E0C-9AF1-4E6A-97F5-214ED499125F}"
EndProject
Project("{9A19103F-16F7-4668-BE54-9A1E7A4F7556}") = "EvidenceObfuscation", "EvidenceObfuscation\EvidenceObfuscation.csproj", "{A56B655B-9089-4EE4-A6F0-C1FFF8EB9BA0}"
EndProject
Project("{9A19103F-16F7-4668-BE54-9A1E7A4F7556}") = "GroupDeskCheck", "GroupDeskCheck\GroupDeskCheck.csproj", "{0C2C160C-5A8C-470C-80C9-D810B390CF18}"
EndProject
Project("{9A19103F-16F7-4668-BE54-9A1E7A4F7556}") = "CommunityCaseLoader", "CommunityCaseLoader\CommunityCaseLoader.csproj", "{045E0D4E-672A-456B-9F34-8899ACFF2B4E}"
EndProject
Project("{9A19103F-16F7-4668-BE54-9A1E7A4F7556}") = "DocumentationGenerator", "DocumentationGenerator\DocumentationGenerator.csproj", "{79967E51-00E1-4501-A44A-C3908BAC7DE7}"
EndProject
Project("{9A19103F-16F7-4668-BE54-9A1E7A4F7556}") = "AutoWalk", "AutoWalk\AutoWalk.csproj", "{24D34A8B-0138-4B0D-A1AD-FC70A406F08B}"
EndProject
Project("{9A19103F-16F7-4668-BE54-9A1E7A4F7556}") = "CitizenImporter", "CitizenImporter\CitizenImporter.csproj", "{1EBB1B5B-DFB0-4E1F-B61E-6D525A1B86EF}"
EndProject
Project("{9A19103F-16F7-4668-BE54-9A1E7A4F7556}") = "WhiteCollarSideJobs", "WhiteCollarSideJobs\WhiteCollarSideJobs.csproj", "{3D155DA4-95CF-4B71-9FBD-2D80AA6D1BB2}"
EndProject
Project("{9A19103F-16F7-4668-BE54-9A1E7A4F7556}") = "BuildingLoader", "BuildingLoader\BuildingLoader.csproj", "{4A0A1906-5965-4ADD-A20C-CEFA8182079C}"
EndProject
Project("{9A19103F-16F7-4668-BE54-9A1E7A4F7556}") = "CaseFileArchive", "CaseFileArchive\CaseFileArchive.csproj", "{8F9D8A74-AF02-41A3-BE86-FBBFBF32E218}"
EndProject
Project("{FAE04EC0-301F-11D3-BF4B-00C04F79EFBC}") = "SaveFileDecompression", "SaveFileDecompression\SaveFileDecompression.csproj", "{60AAB53B-EE37-4E3C-A71B-74D2FC7E9204}"
EndProject
Project("{FAE04EC0-301F-11D3-BF4B-00C04F79EFBC}") = "HireAHitman", "HireAHitman\HireAHitman.csproj", "{E7DFC7C0-0E7C-4E60-9A13-97EFC2260321}"
EndProject
Project("{FAE04EC0-301F-11D3-BF4B-00C04F79EFBC}") = "DDSScriptExtensions", "DDSScriptExtensions\DDSScriptExtensions.csproj", "{0CE5DF3F-B8C1-4CD5-AE4E-75D98B2E6281}"
EndProject
Project("{FAE04EC0-301F-11D3-BF4B-00C04F79EFBC}") = "LeadHints", "LeadHints\LeadHints.csproj", "{8F575039-A2B3-4BBC-A2AE-C18CEE63B605}"
EndProject
Project("{FAE04EC0-301F-11D3-BF4B-00C04F79EFBC}") = "AdditionalEvidence", "AdditionalEvidence\AdditionalEvidence.csproj", "{C68301E8-D64E-4925-8E94-C9B4DB685CA0}"
EndProject
Project("{FAE04EC0-301F-11D3-BF4B-00C04F79EFBC}") = "MOManager", "MOManager\MOManager.csproj", "{C5CB688F-B7F3-4796-91AA-D892ACCF2B3E}"
EndProject
Project("{FAE04EC0-301F-11D3-BF4B-00C04F79EFBC}") = "PiesGenericPatch", "PiesGenericPatch\PiesGenericPatch.csproj", "{F58AD1A8-F6E7-4F4C-BC55-68C958DABFFB}"
EndProject
Global
	GlobalSection(SolutionConfigurationPlatforms) = preSolution
		Debug|Any CPU = Debug|Any CPU
		Debug|x64 = Debug|x64
		IL2CPP|Any CPU = IL2CPP|Any CPU
		IL2CPP|x64 = IL2CPP|x64
		Mono|Any CPU = Mono|Any CPU
		Mono|x64 = Mono|x64
		Release|Any CPU = Release|Any CPU
		Release|x64 = Release|x64
	EndGlobalSection
	GlobalSection(ProjectConfigurationPlatforms) = postSolution
		{7177FB27-3090-428E-8BBD-66A112ED0B74}.Debug|Any CPU.ActiveCfg = Debug|Any CPU
		{7177FB27-3090-428E-8BBD-66A112ED0B74}.Debug|Any CPU.Build.0 = Debug|Any CPU
		{7177FB27-3090-428E-8BBD-66A112ED0B74}.Debug|x64.ActiveCfg = Debug|Any CPU
		{7177FB27-3090-428E-8BBD-66A112ED0B74}.Debug|x64.Build.0 = Debug|Any CPU
		{7177FB27-3090-428E-8BBD-66A112ED0B74}.IL2CPP|x64.ActiveCfg = IL2CPP|x64
		{7177FB27-3090-428E-8BBD-66A112ED0B74}.IL2CPP|x64.Build.0 = IL2CPP|x64
		{7177FB27-3090-428E-8BBD-66A112ED0B74}.Mono|Any CPU.ActiveCfg = Mono|Any CPU
		{7177FB27-3090-428E-8BBD-66A112ED0B74}.Mono|Any CPU.Build.0 = Mono|Any CPU
		{7177FB27-3090-428E-8BBD-66A112ED0B74}.Mono|x64.ActiveCfg = Mono|x64
		{7177FB27-3090-428E-8BBD-66A112ED0B74}.Mono|x64.Build.0 = Mono|x64
		{7177FB27-3090-428E-8BBD-66A112ED0B74}.Release|Any CPU.ActiveCfg = Release|Any CPU
		{7177FB27-3090-428E-8BBD-66A112ED0B74}.Release|Any CPU.Build.0 = Release|Any CPU
		{7177FB27-3090-428E-8BBD-66A112ED0B74}.Release|x64.ActiveCfg = Release|Any CPU
		{7177FB27-3090-428E-8BBD-66A112ED0B74}.Release|x64.Build.0 = Release|Any CPU
		{7177FB27-3090-428E-8BBD-66A112ED0B74}.IL2CPP|Any CPU.ActiveCfg = IL2CPP|x64
		{7177FB27-3090-428E-8BBD-66A112ED0B74}.IL2CPP|Any CPU.Build.0 = IL2CPP|x64
		{7673F200-F832-4EBF-8376-451D9F64AD92}.Debug|Any CPU.ActiveCfg = Debug|Any CPU
		{7673F200-F832-4EBF-8376-451D9F64AD92}.Debug|Any CPU.Build.0 = Debug|Any CPU
		{7673F200-F832-4EBF-8376-451D9F64AD92}.Debug|x64.ActiveCfg = Debug|Any CPU
		{7673F200-F832-4EBF-8376-451D9F64AD92}.Debug|x64.Build.0 = Debug|Any CPU
		{7673F200-F832-4EBF-8376-451D9F64AD92}.IL2CPP|x64.ActiveCfg = IL2CPP|x64
		{7673F200-F832-4EBF-8376-451D9F64AD92}.IL2CPP|x64.Build.0 = IL2CPP|x64
		{7673F200-F832-4EBF-8376-451D9F64AD92}.Mono|Any CPU.ActiveCfg = Mono|Any CPU
		{7673F200-F832-4EBF-8376-451D9F64AD92}.Mono|Any CPU.Build.0 = Mono|Any CPU
		{7673F200-F832-4EBF-8376-451D9F64AD92}.Mono|x64.ActiveCfg = Mono|x64
		{7673F200-F832-4EBF-8376-451D9F64AD92}.Mono|x64.Build.0 = Mono|x64
		{7673F200-F832-4EBF-8376-451D9F64AD92}.Release|Any CPU.ActiveCfg = Release|Any CPU
		{7673F200-F832-4EBF-8376-451D9F64AD92}.Release|Any CPU.Build.0 = Release|Any CPU
		{7673F200-F832-4EBF-8376-451D9F64AD92}.Release|x64.ActiveCfg = Release|Any CPU
		{7673F200-F832-4EBF-8376-451D9F64AD92}.Release|x64.Build.0 = Release|Any CPU
		{7673F200-F832-4EBF-8376-451D9F64AD92}.IL2CPP|Any CPU.ActiveCfg = IL2CPP|x64
		{7673F200-F832-4EBF-8376-451D9F64AD92}.IL2CPP|Any CPU.Build.0 = IL2CPP|x64
		{4C29E729-2856-46C8-9D85-F70EE246EB0F}.Debug|Any CPU.ActiveCfg = Debug|Any CPU
		{4C29E729-2856-46C8-9D85-F70EE246EB0F}.Debug|Any CPU.Build.0 = Debug|Any CPU
		{4C29E729-2856-46C8-9D85-F70EE246EB0F}.Debug|x64.ActiveCfg = Debug|Any CPU
		{4C29E729-2856-46C8-9D85-F70EE246EB0F}.IL2CPP|x64.ActiveCfg = IL2CPP|x64
		{4C29E729-2856-46C8-9D85-F70EE246EB0F}.IL2CPP|x64.Build.0 = IL2CPP|x64
		{4C29E729-2856-46C8-9D85-F70EE246EB0F}.Mono|Any CPU.ActiveCfg = Mono|Any CPU
		{4C29E729-2856-46C8-9D85-F70EE246EB0F}.Mono|Any CPU.Build.0 = Mono|Any CPU
		{4C29E729-2856-46C8-9D85-F70EE246EB0F}.Mono|x64.ActiveCfg = Mono|x64
		{4C29E729-2856-46C8-9D85-F70EE246EB0F}.Mono|x64.Build.0 = Mono|x64
		{4C29E729-2856-46C8-9D85-F70EE246EB0F}.Release|Any CPU.ActiveCfg = Release|Any CPU
		{4C29E729-2856-46C8-9D85-F70EE246EB0F}.Release|Any CPU.Build.0 = Release|Any CPU
		{4C29E729-2856-46C8-9D85-F70EE246EB0F}.Release|x64.ActiveCfg = Release|Any CPU
		{4C29E729-2856-46C8-9D85-F70EE246EB0F}.IL2CPP|Any CPU.ActiveCfg = IL2CPP|x64
		{4C29E729-2856-46C8-9D85-F70EE246EB0F}.IL2CPP|Any CPU.Build.0 = IL2CPP|x64
		{A531E477-6831-4D77-8807-C34580E4964D}.Debug|Any CPU.ActiveCfg = Debug|Any CPU
		{A531E477-6831-4D77-8807-C34580E4964D}.Debug|Any CPU.Build.0 = Debug|Any CPU
		{A531E477-6831-4D77-8807-C34580E4964D}.Debug|x64.ActiveCfg = Debug|Any CPU
		{A531E477-6831-4D77-8807-C34580E4964D}.Mono|Any CPU.ActiveCfg = Mono|Any CPU
		{A531E477-6831-4D77-8807-C34580E4964D}.Mono|Any CPU.Build.0 = Mono|Any CPU
		{A531E477-6831-4D77-8807-C34580E4964D}.Mono|x64.ActiveCfg = Mono|Any CPU
		{A531E477-6831-4D77-8807-C34580E4964D}.Release|Any CPU.ActiveCfg = Release|Any CPU
		{A531E477-6831-4D77-8807-C34580E4964D}.Release|Any CPU.Build.0 = Release|Any CPU
		{A531E477-6831-4D77-8807-C34580E4964D}.Release|x64.ActiveCfg = Release|Any CPU
		{A531E477-6831-4D77-8807-C34580E4964D}.IL2CPP|Any CPU.ActiveCfg = IL2CPP|x64
		{A531E477-6831-4D77-8807-C34580E4964D}.IL2CPP|Any CPU.Build.0 = IL2CPP|x64
		{A531E477-6831-4D77-8807-C34580E4964D}.IL2CPP|x64.ActiveCfg = IL2CPP|x64
		{02CCAC79-193D-4271-A292-8DFD8F0180DF}.Debug|Any CPU.ActiveCfg = Debug|Any CPU
		{02CCAC79-193D-4271-A292-8DFD8F0180DF}.Debug|Any CPU.Build.0 = Debug|Any CPU
		{02CCAC79-193D-4271-A292-8DFD8F0180DF}.Debug|x64.ActiveCfg = Debug|Any CPU
		{02CCAC79-193D-4271-A292-8DFD8F0180DF}.IL2CPP|x64.ActiveCfg = IL2CPP|x64
		{02CCAC79-193D-4271-A292-8DFD8F0180DF}.IL2CPP|x64.Build.0 = IL2CPP|x64
		{02CCAC79-193D-4271-A292-8DFD8F0180DF}.Mono|Any CPU.ActiveCfg = Mono|Any CPU
		{02CCAC79-193D-4271-A292-8DFD8F0180DF}.Mono|Any CPU.Build.0 = Mono|Any CPU
		{02CCAC79-193D-4271-A292-8DFD8F0180DF}.Mono|x64.ActiveCfg = Mono|x64
		{02CCAC79-193D-4271-A292-8DFD8F0180DF}.Mono|x64.Build.0 = Mono|x64
		{02CCAC79-193D-4271-A292-8DFD8F0180DF}.Release|Any CPU.ActiveCfg = Release|Any CPU
		{02CCAC79-193D-4271-A292-8DFD8F0180DF}.Release|Any CPU.Build.0 = Release|Any CPU
		{02CCAC79-193D-4271-A292-8DFD8F0180DF}.Release|x64.ActiveCfg = Release|Any CPU
		{02CCAC79-193D-4271-A292-8DFD8F0180DF}.IL2CPP|Any CPU.ActiveCfg = IL2CPP|x64
		{02CCAC79-193D-4271-A292-8DFD8F0180DF}.IL2CPP|Any CPU.Build.0 = IL2CPP|x64
		{A865E62D-0D77-44A0-9EFB-6815DDC7590A}.Debug|Any CPU.ActiveCfg = Debug|Any CPU
		{A865E62D-0D77-44A0-9EFB-6815DDC7590A}.Debug|Any CPU.Build.0 = Debug|Any CPU
		{A865E62D-0D77-44A0-9EFB-6815DDC7590A}.Debug|x64.ActiveCfg = Debug|Any CPU
		{A865E62D-0D77-44A0-9EFB-6815DDC7590A}.Debug|x64.Build.0 = Debug|Any CPU
		{A865E62D-0D77-44A0-9EFB-6815DDC7590A}.IL2CPP|x64.ActiveCfg = IL2CPP|x64
		{A865E62D-0D77-44A0-9EFB-6815DDC7590A}.IL2CPP|x64.Build.0 = IL2CPP|x64
		{A865E62D-0D77-44A0-9EFB-6815DDC7590A}.Mono|Any CPU.ActiveCfg = Mono|Any CPU
		{A865E62D-0D77-44A0-9EFB-6815DDC7590A}.Mono|Any CPU.Build.0 = Mono|Any CPU
		{A865E62D-0D77-44A0-9EFB-6815DDC7590A}.Mono|x64.ActiveCfg = Mono|x64
		{A865E62D-0D77-44A0-9EFB-6815DDC7590A}.Mono|x64.Build.0 = Mono|x64
		{A865E62D-0D77-44A0-9EFB-6815DDC7590A}.Release|Any CPU.ActiveCfg = Release|Any CPU
		{A865E62D-0D77-44A0-9EFB-6815DDC7590A}.Release|Any CPU.Build.0 = Release|Any CPU
		{A865E62D-0D77-44A0-9EFB-6815DDC7590A}.Release|x64.ActiveCfg = Release|Any CPU
		{A865E62D-0D77-44A0-9EFB-6815DDC7590A}.Release|x64.Build.0 = Release|Any CPU
		{A865E62D-0D77-44A0-9EFB-6815DDC7590A}.IL2CPP|Any CPU.ActiveCfg = IL2CPP|x64
		{A865E62D-0D77-44A0-9EFB-6815DDC7590A}.IL2CPP|Any CPU.Build.0 = IL2CPP|x64
		{9D6F15FF-9AA1-4868-A056-66834BF447B4}.Debug|Any CPU.ActiveCfg = Debug|Any CPU
		{9D6F15FF-9AA1-4868-A056-66834BF447B4}.Debug|Any CPU.Build.0 = Debug|Any CPU
		{9D6F15FF-9AA1-4868-A056-66834BF447B4}.Debug|x64.ActiveCfg = Debug|Any CPU
		{9D6F15FF-9AA1-4868-A056-66834BF447B4}.Debug|x64.Build.0 = Debug|Any CPU
		{9D6F15FF-9AA1-4868-A056-66834BF447B4}.IL2CPP|x64.ActiveCfg = IL2CPP|x64
		{9D6F15FF-9AA1-4868-A056-66834BF447B4}.IL2CPP|x64.Build.0 = IL2CPP|x64
		{9D6F15FF-9AA1-4868-A056-66834BF447B4}.Mono|Any CPU.ActiveCfg = Mono|Any CPU
		{9D6F15FF-9AA1-4868-A056-66834BF447B4}.Mono|Any CPU.Build.0 = Mono|Any CPU
		{9D6F15FF-9AA1-4868-A056-66834BF447B4}.Mono|x64.ActiveCfg = Mono|x64
		{9D6F15FF-9AA1-4868-A056-66834BF447B4}.Mono|x64.Build.0 = Mono|x64
		{9D6F15FF-9AA1-4868-A056-66834BF447B4}.Release|Any CPU.ActiveCfg = Release|Any CPU
		{9D6F15FF-9AA1-4868-A056-66834BF447B4}.Release|Any CPU.Build.0 = Release|Any CPU
		{9D6F15FF-9AA1-4868-A056-66834BF447B4}.Release|x64.ActiveCfg = Release|Any CPU
		{9D6F15FF-9AA1-4868-A056-66834BF447B4}.Release|x64.Build.0 = Release|Any CPU
		{9D6F15FF-9AA1-4868-A056-66834BF447B4}.IL2CPP|Any CPU.ActiveCfg = IL2CPP|x64
		{9D6F15FF-9AA1-4868-A056-66834BF447B4}.IL2CPP|Any CPU.Build.0 = IL2CPP|x64
		{2F990E6A-202F-47DC-9069-DB2BD691080A}.Debug|Any CPU.ActiveCfg = Debug|Any CPU
		{2F990E6A-202F-47DC-9069-DB2BD691080A}.Debug|Any CPU.Build.0 = Debug|Any CPU
		{2F990E6A-202F-47DC-9069-DB2BD691080A}.Debug|x64.ActiveCfg = Debug|Any CPU
		{2F990E6A-202F-47DC-9069-DB2BD691080A}.IL2CPP|x64.ActiveCfg = IL2CPP|Any CPU
		{2F990E6A-202F-47DC-9069-DB2BD691080A}.Mono|Any CPU.ActiveCfg = Mono|Any CPU
		{2F990E6A-202F-47DC-9069-DB2BD691080A}.Mono|Any CPU.Build.0 = Mono|Any CPU
		{2F990E6A-202F-47DC-9069-DB2BD691080A}.Mono|x64.ActiveCfg = Mono|Any CPU
		{2F990E6A-202F-47DC-9069-DB2BD691080A}.Release|Any CPU.ActiveCfg = Release|Any CPU
		{2F990E6A-202F-47DC-9069-DB2BD691080A}.Release|Any CPU.Build.0 = Release|Any CPU
		{2F990E6A-202F-47DC-9069-DB2BD691080A}.Release|x64.ActiveCfg = Release|Any CPU
		{2F990E6A-202F-47DC-9069-DB2BD691080A}.IL2CPP|Any CPU.ActiveCfg = IL2CPP|x64
		{2F990E6A-202F-47DC-9069-DB2BD691080A}.IL2CPP|Any CPU.Build.0 = IL2CPP|x64
		{D5ACE5AF-F044-4DD5-BBB7-F8FAE3E4C645}.Debug|Any CPU.ActiveCfg = Debug|Any CPU
		{D5ACE5AF-F044-4DD5-BBB7-F8FAE3E4C645}.Debug|Any CPU.Build.0 = Debug|Any CPU
		{D5ACE5AF-F044-4DD5-BBB7-F8FAE3E4C645}.Debug|x64.ActiveCfg = Debug|Any CPU
		{D5ACE5AF-F044-4DD5-BBB7-F8FAE3E4C645}.Mono|Any CPU.ActiveCfg = Mono|Any CPU
		{D5ACE5AF-F044-4DD5-BBB7-F8FAE3E4C645}.Mono|Any CPU.Build.0 = Mono|Any CPU
		{D5ACE5AF-F044-4DD5-BBB7-F8FAE3E4C645}.Mono|x64.ActiveCfg = Mono|Any CPU
		{D5ACE5AF-F044-4DD5-BBB7-F8FAE3E4C645}.Release|Any CPU.ActiveCfg = Release|Any CPU
		{D5ACE5AF-F044-4DD5-BBB7-F8FAE3E4C645}.Release|Any CPU.Build.0 = Release|Any CPU
		{D5ACE5AF-F044-4DD5-BBB7-F8FAE3E4C645}.Release|x64.ActiveCfg = Release|Any CPU
		{D5ACE5AF-F044-4DD5-BBB7-F8FAE3E4C645}.IL2CPP|Any CPU.ActiveCfg = IL2CPP|x64
		{D5ACE5AF-F044-4DD5-BBB7-F8FAE3E4C645}.IL2CPP|Any CPU.Build.0 = IL2CPP|x64
		{D5ACE5AF-F044-4DD5-BBB7-F8FAE3E4C645}.IL2CPP|x64.ActiveCfg = IL2CPP|x64
		{D5ACE5AF-F044-4DD5-BBB7-F8FAE3E4C645}.IL2CPP|x64.Build.0 = IL2CPP|x64
		{0F7FCE63-5F34-43C9-89A4-246A28F5613A}.Debug|Any CPU.ActiveCfg = Debug|Any CPU
		{0F7FCE63-5F34-43C9-89A4-246A28F5613A}.Debug|Any CPU.Build.0 = Debug|Any CPU
		{0F7FCE63-5F34-43C9-89A4-246A28F5613A}.Debug|x64.ActiveCfg = Debug|Any CPU
		{0F7FCE63-5F34-43C9-89A4-246A28F5613A}.Mono|Any CPU.ActiveCfg = Mono|Any CPU
		{0F7FCE63-5F34-43C9-89A4-246A28F5613A}.Mono|Any CPU.Build.0 = Mono|Any CPU
		{0F7FCE63-5F34-43C9-89A4-246A28F5613A}.Mono|x64.ActiveCfg = Mono|Any CPU
		{0F7FCE63-5F34-43C9-89A4-246A28F5613A}.Release|Any CPU.ActiveCfg = Release|Any CPU
		{0F7FCE63-5F34-43C9-89A4-246A28F5613A}.Release|Any CPU.Build.0 = Release|Any CPU
		{0F7FCE63-5F34-43C9-89A4-246A28F5613A}.Release|x64.ActiveCfg = Release|Any CPU
		{0F7FCE63-5F34-43C9-89A4-246A28F5613A}.IL2CPP|Any CPU.ActiveCfg = IL2CPP|x64
		{0F7FCE63-5F34-43C9-89A4-246A28F5613A}.IL2CPP|Any CPU.Build.0 = IL2CPP|x64
		{0F7FCE63-5F34-43C9-89A4-246A28F5613A}.IL2CPP|x64.ActiveCfg = IL2CPP|x64
		{0F7FCE63-5F34-43C9-89A4-246A28F5613A}.IL2CPP|x64.Build.0 = IL2CPP|x64
		{53B3E0C3-2CE9-4AD1-9EE8-E272F26586BA}.Debug|Any CPU.ActiveCfg = Debug|Any CPU
		{53B3E0C3-2CE9-4AD1-9EE8-E272F26586BA}.Debug|Any CPU.Build.0 = Debug|Any CPU
		{53B3E0C3-2CE9-4AD1-9EE8-E272F26586BA}.Debug|x64.ActiveCfg = Debug|Any CPU
		{53B3E0C3-2CE9-4AD1-9EE8-E272F26586BA}.Debug|x64.Build.0 = Debug|Any CPU
		{53B3E0C3-2CE9-4AD1-9EE8-E272F26586BA}.IL2CPP|x64.ActiveCfg = IL2CPP|x64
		{53B3E0C3-2CE9-4AD1-9EE8-E272F26586BA}.IL2CPP|x64.Build.0 = IL2CPP|x64
		{53B3E0C3-2CE9-4AD1-9EE8-E272F26586BA}.Mono|Any CPU.ActiveCfg = Mono|Any CPU
		{53B3E0C3-2CE9-4AD1-9EE8-E272F26586BA}.Mono|Any CPU.Build.0 = Mono|Any CPU
		{53B3E0C3-2CE9-4AD1-9EE8-E272F26586BA}.Mono|x64.ActiveCfg = Mono|x64
		{53B3E0C3-2CE9-4AD1-9EE8-E272F26586BA}.Mono|x64.Build.0 = Mono|x64
		{53B3E0C3-2CE9-4AD1-9EE8-E272F26586BA}.Release|Any CPU.ActiveCfg = Release|Any CPU
		{53B3E0C3-2CE9-4AD1-9EE8-E272F26586BA}.Release|Any CPU.Build.0 = Release|Any CPU
		{53B3E0C3-2CE9-4AD1-9EE8-E272F26586BA}.Release|x64.ActiveCfg = Release|Any CPU
		{53B3E0C3-2CE9-4AD1-9EE8-E272F26586BA}.Release|x64.Build.0 = Release|Any CPU
		{53B3E0C3-2CE9-4AD1-9EE8-E272F26586BA}.IL2CPP|Any CPU.ActiveCfg = IL2CPP|x64
		{53B3E0C3-2CE9-4AD1-9EE8-E272F26586BA}.IL2CPP|Any CPU.Build.0 = IL2CPP|x64
		{59834391-435A-4088-B88C-2B9E5D5B8201}.Debug|Any CPU.ActiveCfg = Debug|Any CPU
		{59834391-435A-4088-B88C-2B9E5D5B8201}.Debug|Any CPU.Build.0 = Debug|Any CPU
		{59834391-435A-4088-B88C-2B9E5D5B8201}.Debug|x64.ActiveCfg = Debug|Any CPU
		{59834391-435A-4088-B88C-2B9E5D5B8201}.Debug|x64.Build.0 = Debug|Any CPU
		{59834391-435A-4088-B88C-2B9E5D5B8201}.IL2CPP|x64.ActiveCfg = IL2CPP|x64
		{59834391-435A-4088-B88C-2B9E5D5B8201}.IL2CPP|x64.Build.0 = IL2CPP|x64
		{59834391-435A-4088-B88C-2B9E5D5B8201}.Mono|Any CPU.ActiveCfg = Mono|Any CPU
		{59834391-435A-4088-B88C-2B9E5D5B8201}.Mono|Any CPU.Build.0 = Mono|Any CPU
		{59834391-435A-4088-B88C-2B9E5D5B8201}.Mono|x64.ActiveCfg = Mono|x64
		{59834391-435A-4088-B88C-2B9E5D5B8201}.Mono|x64.Build.0 = Mono|x64
		{59834391-435A-4088-B88C-2B9E5D5B8201}.Release|Any CPU.ActiveCfg = Release|Any CPU
		{59834391-435A-4088-B88C-2B9E5D5B8201}.Release|Any CPU.Build.0 = Release|Any CPU
		{59834391-435A-4088-B88C-2B9E5D5B8201}.Release|x64.ActiveCfg = Release|Any CPU
		{59834391-435A-4088-B88C-2B9E5D5B8201}.Release|x64.Build.0 = Release|Any CPU
		{59834391-435A-4088-B88C-2B9E5D5B8201}.IL2CPP|Any CPU.ActiveCfg = IL2CPP|x64
		{59834391-435A-4088-B88C-2B9E5D5B8201}.IL2CPP|Any CPU.Build.0 = IL2CPP|x64
		{118FD12F-EB8E-4B58-9541-FC7E1C4EF995}.Debug|Any CPU.ActiveCfg = Debug|Any CPU
		{118FD12F-EB8E-4B58-9541-FC7E1C4EF995}.Debug|Any CPU.Build.0 = Debug|Any CPU
		{118FD12F-EB8E-4B58-9541-FC7E1C4EF995}.Debug|x64.ActiveCfg = Debug|Any CPU
		{118FD12F-EB8E-4B58-9541-FC7E1C4EF995}.Debug|x64.Build.0 = Debug|Any CPU
		{118FD12F-EB8E-4B58-9541-FC7E1C4EF995}.IL2CPP|x64.ActiveCfg = IL2CPP|x64
		{118FD12F-EB8E-4B58-9541-FC7E1C4EF995}.IL2CPP|x64.Build.0 = IL2CPP|x64
		{118FD12F-EB8E-4B58-9541-FC7E1C4EF995}.Mono|Any CPU.ActiveCfg = Debug|Any CPU
		{118FD12F-EB8E-4B58-9541-FC7E1C4EF995}.Mono|Any CPU.Build.0 = Debug|Any CPU
		{118FD12F-EB8E-4B58-9541-FC7E1C4EF995}.Mono|x64.ActiveCfg = Mono|x64
		{118FD12F-EB8E-4B58-9541-FC7E1C4EF995}.Mono|x64.Build.0 = Mono|x64
		{118FD12F-EB8E-4B58-9541-FC7E1C4EF995}.Release|Any CPU.ActiveCfg = Release|Any CPU
		{118FD12F-EB8E-4B58-9541-FC7E1C4EF995}.Release|Any CPU.Build.0 = Release|Any CPU
		{118FD12F-EB8E-4B58-9541-FC7E1C4EF995}.Release|x64.ActiveCfg = Release|Any CPU
		{118FD12F-EB8E-4B58-9541-FC7E1C4EF995}.Release|x64.Build.0 = Release|Any CPU
		{118FD12F-EB8E-4B58-9541-FC7E1C4EF995}.IL2CPP|Any CPU.ActiveCfg = IL2CPP|x64
		{118FD12F-EB8E-4B58-9541-FC7E1C4EF995}.IL2CPP|Any CPU.Build.0 = IL2CPP|x64
		{5A5A7162-2CE0-4F7E-A597-FCB2CC364930}.Debug|Any CPU.ActiveCfg = Mono|x64
		{5A5A7162-2CE0-4F7E-A597-FCB2CC364930}.Debug|Any CPU.Build.0 = Mono|x64
		{5A5A7162-2CE0-4F7E-A597-FCB2CC364930}.Debug|x64.ActiveCfg = Mono|x64
		{5A5A7162-2CE0-4F7E-A597-FCB2CC364930}.Debug|x64.Build.0 = Mono|x64
		{5A5A7162-2CE0-4F7E-A597-FCB2CC364930}.IL2CPP|Any CPU.ActiveCfg = IL2CPP|x64
		{5A5A7162-2CE0-4F7E-A597-FCB2CC364930}.IL2CPP|Any CPU.Build.0 = IL2CPP|x64
		{5A5A7162-2CE0-4F7E-A597-FCB2CC364930}.IL2CPP|x64.ActiveCfg = IL2CPP|x64
		{5A5A7162-2CE0-4F7E-A597-FCB2CC364930}.IL2CPP|x64.Build.0 = IL2CPP|x64
		{5A5A7162-2CE0-4F7E-A597-FCB2CC364930}.Mono|Any CPU.ActiveCfg = Mono|x64
		{5A5A7162-2CE0-4F7E-A597-FCB2CC364930}.Mono|Any CPU.Build.0 = Mono|x64
		{5A5A7162-2CE0-4F7E-A597-FCB2CC364930}.Mono|x64.ActiveCfg = Mono|x64
		{5A5A7162-2CE0-4F7E-A597-FCB2CC364930}.Mono|x64.Build.0 = Mono|x64
		{5A5A7162-2CE0-4F7E-A597-FCB2CC364930}.Release|Any CPU.ActiveCfg = Mono|x64
		{5A5A7162-2CE0-4F7E-A597-FCB2CC364930}.Release|Any CPU.Build.0 = Mono|x64
		{5A5A7162-2CE0-4F7E-A597-FCB2CC364930}.Release|x64.ActiveCfg = Mono|x64
		{5A5A7162-2CE0-4F7E-A597-FCB2CC364930}.Release|x64.Build.0 = Mono|x64
		{AEB8163E-2DBE-4DC7-AC72-609E7C08AA8C}.Debug|Any CPU.ActiveCfg = Debug|Any CPU
		{AEB8163E-2DBE-4DC7-AC72-609E7C08AA8C}.Debug|Any CPU.Build.0 = Debug|Any CPU
		{AEB8163E-2DBE-4DC7-AC72-609E7C08AA8C}.Debug|x64.ActiveCfg = Debug|Any CPU
		{AEB8163E-2DBE-4DC7-AC72-609E7C08AA8C}.Debug|x64.Build.0 = Debug|Any CPU
		{AEB8163E-2DBE-4DC7-AC72-609E7C08AA8C}.IL2CPP|x64.ActiveCfg = IL2CPP|x64
		{AEB8163E-2DBE-4DC7-AC72-609E7C08AA8C}.IL2CPP|x64.Build.0 = IL2CPP|x64
		{AEB8163E-2DBE-4DC7-AC72-609E7C08AA8C}.Mono|Any CPU.ActiveCfg = Debug|Any CPU
		{AEB8163E-2DBE-4DC7-AC72-609E7C08AA8C}.Mono|Any CPU.Build.0 = Debug|Any CPU
		{AEB8163E-2DBE-4DC7-AC72-609E7C08AA8C}.Mono|x64.ActiveCfg = Debug|Any CPU
		{AEB8163E-2DBE-4DC7-AC72-609E7C08AA8C}.Mono|x64.Build.0 = Debug|Any CPU
		{AEB8163E-2DBE-4DC7-AC72-609E7C08AA8C}.Release|Any CPU.ActiveCfg = Release|Any CPU
		{AEB8163E-2DBE-4DC7-AC72-609E7C08AA8C}.Release|Any CPU.Build.0 = Release|Any CPU
		{AEB8163E-2DBE-4DC7-AC72-609E7C08AA8C}.Release|x64.ActiveCfg = Release|Any CPU
		{AEB8163E-2DBE-4DC7-AC72-609E7C08AA8C}.Release|x64.Build.0 = Release|Any CPU
		{AEB8163E-2DBE-4DC7-AC72-609E7C08AA8C}.IL2CPP|Any CPU.ActiveCfg = IL2CPP|x64
		{AEB8163E-2DBE-4DC7-AC72-609E7C08AA8C}.IL2CPP|Any CPU.Build.0 = IL2CPP|x64
		{DA56F85E-90EC-4D0D-9F21-48F20D883D8A}.Debug|Any CPU.ActiveCfg = Mono|x64
		{DA56F85E-90EC-4D0D-9F21-48F20D883D8A}.Debug|Any CPU.Build.0 = Mono|x64
		{DA56F85E-90EC-4D0D-9F21-48F20D883D8A}.Debug|x64.ActiveCfg = Mono|x64
		{DA56F85E-90EC-4D0D-9F21-48F20D883D8A}.Debug|x64.Build.0 = Mono|x64
		{DA56F85E-90EC-4D0D-9F21-48F20D883D8A}.IL2CPP|Any CPU.ActiveCfg = IL2CPP|x64
		{DA56F85E-90EC-4D0D-9F21-48F20D883D8A}.IL2CPP|Any CPU.Build.0 = IL2CPP|x64
		{DA56F85E-90EC-4D0D-9F21-48F20D883D8A}.IL2CPP|x64.ActiveCfg = IL2CPP|x64
		{DA56F85E-90EC-4D0D-9F21-48F20D883D8A}.IL2CPP|x64.Build.0 = IL2CPP|x64
		{DA56F85E-90EC-4D0D-9F21-48F20D883D8A}.Mono|Any CPU.ActiveCfg = Mono|x64
		{DA56F85E-90EC-4D0D-9F21-48F20D883D8A}.Mono|Any CPU.Build.0 = Mono|x64
		{DA56F85E-90EC-4D0D-9F21-48F20D883D8A}.Mono|x64.ActiveCfg = Mono|x64
		{DA56F85E-90EC-4D0D-9F21-48F20D883D8A}.Mono|x64.Build.0 = Mono|x64
		{DA56F85E-90EC-4D0D-9F21-48F20D883D8A}.Release|Any CPU.ActiveCfg = Mono|x64
		{DA56F85E-90EC-4D0D-9F21-48F20D883D8A}.Release|Any CPU.Build.0 = Mono|x64
		{DA56F85E-90EC-4D0D-9F21-48F20D883D8A}.Release|x64.ActiveCfg = Mono|x64
		{DA56F85E-90EC-4D0D-9F21-48F20D883D8A}.Release|x64.Build.0 = Mono|x64
		{86905E0C-9AF1-4E6A-97F5-214ED499125F}.Debug|Any CPU.ActiveCfg = Mono|x64
		{86905E0C-9AF1-4E6A-97F5-214ED499125F}.Debug|Any CPU.Build.0 = Mono|x64
		{86905E0C-9AF1-4E6A-97F5-214ED499125F}.Debug|x64.ActiveCfg = Mono|x64
		{86905E0C-9AF1-4E6A-97F5-214ED499125F}.Debug|x64.Build.0 = Mono|x64
		{86905E0C-9AF1-4E6A-97F5-214ED499125F}.IL2CPP|Any CPU.ActiveCfg = IL2CPP|x64
		{86905E0C-9AF1-4E6A-97F5-214ED499125F}.IL2CPP|Any CPU.Build.0 = IL2CPP|x64
		{86905E0C-9AF1-4E6A-97F5-214ED499125F}.IL2CPP|x64.ActiveCfg = IL2CPP|x64
		{86905E0C-9AF1-4E6A-97F5-214ED499125F}.IL2CPP|x64.Build.0 = IL2CPP|x64
		{86905E0C-9AF1-4E6A-97F5-214ED499125F}.Mono|Any CPU.ActiveCfg = Mono|x64
		{86905E0C-9AF1-4E6A-97F5-214ED499125F}.Mono|Any CPU.Build.0 = Mono|x64
		{86905E0C-9AF1-4E6A-97F5-214ED499125F}.Mono|x64.ActiveCfg = Mono|x64
		{86905E0C-9AF1-4E6A-97F5-214ED499125F}.Mono|x64.Build.0 = Mono|x64
		{86905E0C-9AF1-4E6A-97F5-214ED499125F}.Release|Any CPU.ActiveCfg = Mono|x64
		{86905E0C-9AF1-4E6A-97F5-214ED499125F}.Release|Any CPU.Build.0 = Mono|x64
		{86905E0C-9AF1-4E6A-97F5-214ED499125F}.Release|x64.ActiveCfg = Mono|x64
		{86905E0C-9AF1-4E6A-97F5-214ED499125F}.Release|x64.Build.0 = Mono|x64
		{A56B655B-9089-4EE4-A6F0-C1FFF8EB9BA0}.Debug|Any CPU.ActiveCfg = Mono|x64
		{A56B655B-9089-4EE4-A6F0-C1FFF8EB9BA0}.Debug|Any CPU.Build.0 = Mono|x64
		{A56B655B-9089-4EE4-A6F0-C1FFF8EB9BA0}.Debug|x64.ActiveCfg = Mono|x64
		{A56B655B-9089-4EE4-A6F0-C1FFF8EB9BA0}.Debug|x64.Build.0 = Mono|x64
		{A56B655B-9089-4EE4-A6F0-C1FFF8EB9BA0}.IL2CPP|Any CPU.ActiveCfg = IL2CPP|x64
		{A56B655B-9089-4EE4-A6F0-C1FFF8EB9BA0}.IL2CPP|Any CPU.Build.0 = IL2CPP|x64
		{A56B655B-9089-4EE4-A6F0-C1FFF8EB9BA0}.IL2CPP|x64.ActiveCfg = IL2CPP|x64
		{A56B655B-9089-4EE4-A6F0-C1FFF8EB9BA0}.IL2CPP|x64.Build.0 = IL2CPP|x64
		{A56B655B-9089-4EE4-A6F0-C1FFF8EB9BA0}.Mono|Any CPU.ActiveCfg = Mono|x64
		{A56B655B-9089-4EE4-A6F0-C1FFF8EB9BA0}.Mono|Any CPU.Build.0 = Mono|x64
		{A56B655B-9089-4EE4-A6F0-C1FFF8EB9BA0}.Mono|x64.ActiveCfg = Mono|x64
		{A56B655B-9089-4EE4-A6F0-C1FFF8EB9BA0}.Mono|x64.Build.0 = Mono|x64
		{A56B655B-9089-4EE4-A6F0-C1FFF8EB9BA0}.Release|Any CPU.ActiveCfg = Mono|x64
		{A56B655B-9089-4EE4-A6F0-C1FFF8EB9BA0}.Release|Any CPU.Build.0 = Mono|x64
		{A56B655B-9089-4EE4-A6F0-C1FFF8EB9BA0}.Release|x64.ActiveCfg = Mono|x64
		{A56B655B-9089-4EE4-A6F0-C1FFF8EB9BA0}.Release|x64.Build.0 = Mono|x64
		{0C2C160C-5A8C-470C-80C9-D810B390CF18}.Debug|Any CPU.ActiveCfg = Debug|Any CPU
		{0C2C160C-5A8C-470C-80C9-D810B390CF18}.Debug|Any CPU.Build.0 = Debug|Any CPU
		{0C2C160C-5A8C-470C-80C9-D810B390CF18}.Debug|x64.ActiveCfg = Debug|Any CPU
		{0C2C160C-5A8C-470C-80C9-D810B390CF18}.Debug|x64.Build.0 = Debug|Any CPU
		{0C2C160C-5A8C-470C-80C9-D810B390CF18}.Mono|Any CPU.ActiveCfg = Debug|Any CPU
		{0C2C160C-5A8C-470C-80C9-D810B390CF18}.Mono|Any CPU.Build.0 = Debug|Any CPU
		{0C2C160C-5A8C-470C-80C9-D810B390CF18}.Mono|x64.ActiveCfg = Debug|Any CPU
		{0C2C160C-5A8C-470C-80C9-D810B390CF18}.Mono|x64.Build.0 = Debug|Any CPU
		{0C2C160C-5A8C-470C-80C9-D810B390CF18}.Release|Any CPU.ActiveCfg = Release|Any CPU
		{0C2C160C-5A8C-470C-80C9-D810B390CF18}.Release|Any CPU.Build.0 = Release|Any CPU
		{0C2C160C-5A8C-470C-80C9-D810B390CF18}.Release|x64.ActiveCfg = Release|Any CPU
		{0C2C160C-5A8C-470C-80C9-D810B390CF18}.Release|x64.Build.0 = Release|Any CPU
		{0C2C160C-5A8C-470C-80C9-D810B390CF18}.IL2CPP|Any CPU.ActiveCfg = IL2CPP|x64
		{0C2C160C-5A8C-470C-80C9-D810B390CF18}.IL2CPP|Any CPU.Build.0 = IL2CPP|x64
		{0C2C160C-5A8C-470C-80C9-D810B390CF18}.IL2CPP|x64.ActiveCfg = IL2CPP|x64
		{0C2C160C-5A8C-470C-80C9-D810B390CF18}.IL2CPP|x64.Build.0 = IL2CPP|x64
		{045E0D4E-672A-456B-9F34-8899ACFF2B4E}.Debug|Any CPU.ActiveCfg = Mono|x64
		{045E0D4E-672A-456B-9F34-8899ACFF2B4E}.Debug|Any CPU.Build.0 = Mono|x64
		{045E0D4E-672A-456B-9F34-8899ACFF2B4E}.Debug|x64.ActiveCfg = Mono|x64
		{045E0D4E-672A-456B-9F34-8899ACFF2B4E}.Debug|x64.Build.0 = Mono|x64
		{045E0D4E-672A-456B-9F34-8899ACFF2B4E}.IL2CPP|Any CPU.ActiveCfg = IL2CPP|x64
		{045E0D4E-672A-456B-9F34-8899ACFF2B4E}.IL2CPP|Any CPU.Build.0 = IL2CPP|x64
		{045E0D4E-672A-456B-9F34-8899ACFF2B4E}.IL2CPP|x64.ActiveCfg = IL2CPP|x64
		{045E0D4E-672A-456B-9F34-8899ACFF2B4E}.IL2CPP|x64.Build.0 = IL2CPP|x64
		{045E0D4E-672A-456B-9F34-8899ACFF2B4E}.Mono|Any CPU.ActiveCfg = Mono|x64
		{045E0D4E-672A-456B-9F34-8899ACFF2B4E}.Mono|Any CPU.Build.0 = Mono|x64
		{045E0D4E-672A-456B-9F34-8899ACFF2B4E}.Mono|x64.ActiveCfg = Mono|x64
		{045E0D4E-672A-456B-9F34-8899ACFF2B4E}.Mono|x64.Build.0 = Mono|x64
		{045E0D4E-672A-456B-9F34-8899ACFF2B4E}.Release|Any CPU.ActiveCfg = Mono|x64
		{045E0D4E-672A-456B-9F34-8899ACFF2B4E}.Release|Any CPU.Build.0 = Mono|x64
		{045E0D4E-672A-456B-9F34-8899ACFF2B4E}.Release|x64.ActiveCfg = Mono|x64
		{045E0D4E-672A-456B-9F34-8899ACFF2B4E}.Release|x64.Build.0 = Mono|x64
		{79967E51-00E1-4501-A44A-C3908BAC7DE7}.Debug|Any CPU.ActiveCfg = Debug|Any CPU
		{79967E51-00E1-4501-A44A-C3908BAC7DE7}.Debug|Any CPU.Build.0 = Debug|Any CPU
		{79967E51-00E1-4501-A44A-C3908BAC7DE7}.Debug|x64.ActiveCfg = Debug|Any CPU
		{79967E51-00E1-4501-A44A-C3908BAC7DE7}.Debug|x64.Build.0 = Debug|Any CPU
		{79967E51-00E1-4501-A44A-C3908BAC7DE7}.Mono|Any CPU.ActiveCfg = Mono|Any CPU
		{79967E51-00E1-4501-A44A-C3908BAC7DE7}.Mono|Any CPU.Build.0 = Mono|Any CPU
		{79967E51-00E1-4501-A44A-C3908BAC7DE7}.Mono|x64.ActiveCfg = Mono|Any CPU
		{79967E51-00E1-4501-A44A-C3908BAC7DE7}.Mono|x64.Build.0 = Mono|Any CPU
		{79967E51-00E1-4501-A44A-C3908BAC7DE7}.Release|Any CPU.ActiveCfg = Release|Any CPU
		{79967E51-00E1-4501-A44A-C3908BAC7DE7}.Release|Any CPU.Build.0 = Release|Any CPU
		{79967E51-00E1-4501-A44A-C3908BAC7DE7}.Release|x64.ActiveCfg = Release|Any CPU
		{79967E51-00E1-4501-A44A-C3908BAC7DE7}.Release|x64.Build.0 = Release|Any CPU
		{79967E51-00E1-4501-A44A-C3908BAC7DE7}.IL2CPP|Any CPU.ActiveCfg = IL2CPP|x64
		{79967E51-00E1-4501-A44A-C3908BAC7DE7}.IL2CPP|Any CPU.Build.0 = IL2CPP|x64
		{79967E51-00E1-4501-A44A-C3908BAC7DE7}.IL2CPP|x64.ActiveCfg = IL2CPP|x64
		{79967E51-00E1-4501-A44A-C3908BAC7DE7}.IL2CPP|x64.Build.0 = IL2CPP|x64
		{24D34A8B-0138-4B0D-A1AD-FC70A406F08B}.Debug|Any CPU.ActiveCfg = Debug|Any CPU
		{24D34A8B-0138-4B0D-A1AD-FC70A406F08B}.Debug|Any CPU.Build.0 = Debug|Any CPU
		{24D34A8B-0138-4B0D-A1AD-FC70A406F08B}.Debug|x64.ActiveCfg = Debug|Any CPU
		{24D34A8B-0138-4B0D-A1AD-FC70A406F08B}.Debug|x64.Build.0 = Debug|Any CPU
		{24D34A8B-0138-4B0D-A1AD-FC70A406F08B}.Mono|Any CPU.ActiveCfg = Mono|Any CPU
		{24D34A8B-0138-4B0D-A1AD-FC70A406F08B}.Mono|Any CPU.Build.0 = Mono|Any CPU
		{24D34A8B-0138-4B0D-A1AD-FC70A406F08B}.Mono|x64.ActiveCfg = Mono|Any CPU
		{24D34A8B-0138-4B0D-A1AD-FC70A406F08B}.Mono|x64.Build.0 = Mono|Any CPU
		{24D34A8B-0138-4B0D-A1AD-FC70A406F08B}.Release|Any CPU.ActiveCfg = Release|Any CPU
		{24D34A8B-0138-4B0D-A1AD-FC70A406F08B}.Release|Any CPU.Build.0 = Release|Any CPU
		{24D34A8B-0138-4B0D-A1AD-FC70A406F08B}.Release|x64.ActiveCfg = Release|Any CPU
		{24D34A8B-0138-4B0D-A1AD-FC70A406F08B}.Release|x64.Build.0 = Release|Any CPU
		{24D34A8B-0138-4B0D-A1AD-FC70A406F08B}.IL2CPP|Any CPU.ActiveCfg = IL2CPP|x64
		{24D34A8B-0138-4B0D-A1AD-FC70A406F08B}.IL2CPP|Any CPU.Build.0 = IL2CPP|x64
		{24D34A8B-0138-4B0D-A1AD-FC70A406F08B}.IL2CPP|x64.ActiveCfg = IL2CPP|x64
		{24D34A8B-0138-4B0D-A1AD-FC70A406F08B}.IL2CPP|x64.Build.0 = IL2CPP|x64
		{1EBB1B5B-DFB0-4E1F-B61E-6D525A1B86EF}.Debug|Any CPU.ActiveCfg = Mono|x64
		{1EBB1B5B-DFB0-4E1F-B61E-6D525A1B86EF}.Debug|Any CPU.Build.0 = Mono|x64
		{1EBB1B5B-DFB0-4E1F-B61E-6D525A1B86EF}.Debug|x64.ActiveCfg = Mono|x64
		{1EBB1B5B-DFB0-4E1F-B61E-6D525A1B86EF}.Debug|x64.Build.0 = Mono|x64
		{1EBB1B5B-DFB0-4E1F-B61E-6D525A1B86EF}.IL2CPP|Any CPU.ActiveCfg = IL2CPP|x64
		{1EBB1B5B-DFB0-4E1F-B61E-6D525A1B86EF}.IL2CPP|Any CPU.Build.0 = IL2CPP|x64
		{1EBB1B5B-DFB0-4E1F-B61E-6D525A1B86EF}.IL2CPP|x64.ActiveCfg = IL2CPP|x64
		{1EBB1B5B-DFB0-4E1F-B61E-6D525A1B86EF}.IL2CPP|x64.Build.0 = IL2CPP|x64
		{1EBB1B5B-DFB0-4E1F-B61E-6D525A1B86EF}.Mono|Any CPU.ActiveCfg = Mono|x64
		{1EBB1B5B-DFB0-4E1F-B61E-6D525A1B86EF}.Mono|Any CPU.Build.0 = Mono|x64
		{1EBB1B5B-DFB0-4E1F-B61E-6D525A1B86EF}.Mono|x64.ActiveCfg = Mono|x64
		{1EBB1B5B-DFB0-4E1F-B61E-6D525A1B86EF}.Mono|x64.Build.0 = Mono|x64
		{1EBB1B5B-DFB0-4E1F-B61E-6D525A1B86EF}.Release|Any CPU.ActiveCfg = Mono|x64
		{1EBB1B5B-DFB0-4E1F-B61E-6D525A1B86EF}.Release|Any CPU.Build.0 = Mono|x64
		{1EBB1B5B-DFB0-4E1F-B61E-6D525A1B86EF}.Release|x64.ActiveCfg = Mono|x64
		{1EBB1B5B-DFB0-4E1F-B61E-6D525A1B86EF}.Release|x64.Build.0 = Mono|x64
		{3D155DA4-95CF-4B71-9FBD-2D80AA6D1BB2}.Debug|Any CPU.ActiveCfg = Debug|Any CPU
		{3D155DA4-95CF-4B71-9FBD-2D80AA6D1BB2}.Debug|Any CPU.Build.0 = Debug|Any CPU
		{3D155DA4-95CF-4B71-9FBD-2D80AA6D1BB2}.Debug|x64.ActiveCfg = Debug|Any CPU
		{3D155DA4-95CF-4B71-9FBD-2D80AA6D1BB2}.Debug|x64.Build.0 = Debug|Any CPU
		{3D155DA4-95CF-4B71-9FBD-2D80AA6D1BB2}.Mono|Any CPU.ActiveCfg = Mono|Any CPU
		{3D155DA4-95CF-4B71-9FBD-2D80AA6D1BB2}.Mono|Any CPU.Build.0 = Mono|Any CPU
		{3D155DA4-95CF-4B71-9FBD-2D80AA6D1BB2}.Mono|x64.ActiveCfg = Mono|Any CPU
		{3D155DA4-95CF-4B71-9FBD-2D80AA6D1BB2}.Mono|x64.Build.0 = Mono|Any CPU
		{3D155DA4-95CF-4B71-9FBD-2D80AA6D1BB2}.Release|Any CPU.ActiveCfg = Release|Any CPU
		{3D155DA4-95CF-4B71-9FBD-2D80AA6D1BB2}.Release|Any CPU.Build.0 = Release|Any CPU
		{3D155DA4-95CF-4B71-9FBD-2D80AA6D1BB2}.Release|x64.ActiveCfg = Release|Any CPU
		{3D155DA4-95CF-4B71-9FBD-2D80AA6D1BB2}.Release|x64.Build.0 = Release|Any CPU
		{3D155DA4-95CF-4B71-9FBD-2D80AA6D1BB2}.IL2CPP|Any CPU.ActiveCfg = IL2CPP|x64
		{3D155DA4-95CF-4B71-9FBD-2D80AA6D1BB2}.IL2CPP|Any CPU.Build.0 = IL2CPP|x64
		{3D155DA4-95CF-4B71-9FBD-2D80AA6D1BB2}.IL2CPP|x64.ActiveCfg = IL2CPP|x64
		{3D155DA4-95CF-4B71-9FBD-2D80AA6D1BB2}.IL2CPP|x64.Build.0 = IL2CPP|x64
		{4A0A1906-5965-4ADD-A20C-CEFA8182079C}.Debug|Any CPU.ActiveCfg = Mono|x64
		{4A0A1906-5965-4ADD-A20C-CEFA8182079C}.Debug|Any CPU.Build.0 = Mono|x64
		{4A0A1906-5965-4ADD-A20C-CEFA8182079C}.Debug|x64.ActiveCfg = Mono|x64
		{4A0A1906-5965-4ADD-A20C-CEFA8182079C}.Debug|x64.Build.0 = Mono|x64
		{4A0A1906-5965-4ADD-A20C-CEFA8182079C}.IL2CPP|Any CPU.ActiveCfg = IL2CPP|x64
		{4A0A1906-5965-4ADD-A20C-CEFA8182079C}.IL2CPP|Any CPU.Build.0 = IL2CPP|x64
		{4A0A1906-5965-4ADD-A20C-CEFA8182079C}.IL2CPP|x64.ActiveCfg = IL2CPP|x64
		{4A0A1906-5965-4ADD-A20C-CEFA8182079C}.IL2CPP|x64.Build.0 = IL2CPP|x64
		{4A0A1906-5965-4ADD-A20C-CEFA8182079C}.Mono|Any CPU.ActiveCfg = Mono|x64
		{4A0A1906-5965-4ADD-A20C-CEFA8182079C}.Mono|Any CPU.Build.0 = Mono|x64
		{4A0A1906-5965-4ADD-A20C-CEFA8182079C}.Mono|x64.ActiveCfg = Mono|x64
		{4A0A1906-5965-4ADD-A20C-CEFA8182079C}.Mono|x64.Build.0 = Mono|x64
		{4A0A1906-5965-4ADD-A20C-CEFA8182079C}.Release|Any CPU.ActiveCfg = Mono|x64
		{4A0A1906-5965-4ADD-A20C-CEFA8182079C}.Release|Any CPU.Build.0 = Mono|x64
		{4A0A1906-5965-4ADD-A20C-CEFA8182079C}.Release|x64.ActiveCfg = Mono|x64
		{4A0A1906-5965-4ADD-A20C-CEFA8182079C}.Release|x64.Build.0 = Mono|x64
		{8F9D8A74-AF02-41A3-BE86-FBBFBF32E218}.Debug|Any CPU.ActiveCfg = Mono|Any CPU
		{8F9D8A74-AF02-41A3-BE86-FBBFBF32E218}.Debug|Any CPU.Build.0 = Mono|Any CPU
		{8F9D8A74-AF02-41A3-BE86-FBBFBF32E218}.Debug|x64.ActiveCfg = Mono|Any CPU
		{8F9D8A74-AF02-41A3-BE86-FBBFBF32E218}.Debug|x64.Build.0 = Mono|Any CPU
		{8F9D8A74-AF02-41A3-BE86-FBBFBF32E218}.Mono|Any CPU.ActiveCfg = Mono|Any CPU
		{8F9D8A74-AF02-41A3-BE86-FBBFBF32E218}.Mono|Any CPU.Build.0 = Mono|Any CPU
		{8F9D8A74-AF02-41A3-BE86-FBBFBF32E218}.Mono|x64.ActiveCfg = Mono|Any CPU
		{8F9D8A74-AF02-41A3-BE86-FBBFBF32E218}.Mono|x64.Build.0 = Mono|Any CPU
		{8F9D8A74-AF02-41A3-BE86-FBBFBF32E218}.Release|Any CPU.ActiveCfg = Mono|Any CPU
		{8F9D8A74-AF02-41A3-BE86-FBBFBF32E218}.Release|Any CPU.Build.0 = Mono|Any CPU
		{8F9D8A74-AF02-41A3-BE86-FBBFBF32E218}.Release|x64.ActiveCfg = Mono|Any CPU
		{8F9D8A74-AF02-41A3-BE86-FBBFBF32E218}.Release|x64.Build.0 = Mono|Any CPU
		{8F9D8A74-AF02-41A3-BE86-FBBFBF32E218}.IL2CPP|Any CPU.ActiveCfg = IL2CPP|x64
		{8F9D8A74-AF02-41A3-BE86-FBBFBF32E218}.IL2CPP|Any CPU.Build.0 = IL2CPP|x64
		{8F9D8A74-AF02-41A3-BE86-FBBFBF32E218}.IL2CPP|x64.ActiveCfg = IL2CPP|x64
		{8F9D8A74-AF02-41A3-BE86-FBBFBF32E218}.IL2CPP|x64.Build.0 = IL2CPP|x64
		{60AAB53B-EE37-4E3C-A71B-74D2FC7E9204}.Debug|Any CPU.ActiveCfg = Debug|Any CPU
		{60AAB53B-EE37-4E3C-A71B-74D2FC7E9204}.Debug|Any CPU.Build.0 = Debug|Any CPU
		{60AAB53B-EE37-4E3C-A71B-74D2FC7E9204}.Debug|x64.ActiveCfg = Debug|Any CPU
		{60AAB53B-EE37-4E3C-A71B-74D2FC7E9204}.Debug|x64.Build.0 = Debug|Any CPU
		{60AAB53B-EE37-4E3C-A71B-74D2FC7E9204}.IL2CPP|x64.ActiveCfg = Debug|Any CPU
		{60AAB53B-EE37-4E3C-A71B-74D2FC7E9204}.IL2CPP|x64.Build.0 = Debug|Any CPU
		{60AAB53B-EE37-4E3C-A71B-74D2FC7E9204}.Mono|Any CPU.ActiveCfg = Debug|Any CPU
		{60AAB53B-EE37-4E3C-A71B-74D2FC7E9204}.Mono|Any CPU.Build.0 = Debug|Any CPU
		{60AAB53B-EE37-4E3C-A71B-74D2FC7E9204}.Mono|x64.ActiveCfg = Debug|Any CPU
		{60AAB53B-EE37-4E3C-A71B-74D2FC7E9204}.Mono|x64.Build.0 = Debug|Any CPU
		{60AAB53B-EE37-4E3C-A71B-74D2FC7E9204}.Release|Any CPU.ActiveCfg = Release|Any CPU
		{60AAB53B-EE37-4E3C-A71B-74D2FC7E9204}.Release|Any CPU.Build.0 = Release|Any CPU
		{60AAB53B-EE37-4E3C-A71B-74D2FC7E9204}.Release|x64.ActiveCfg = Release|Any CPU
		{60AAB53B-EE37-4E3C-A71B-74D2FC7E9204}.Release|x64.Build.0 = Release|Any CPU
		{60AAB53B-EE37-4E3C-A71B-74D2FC7E9204}.IL2CPP|Any CPU.ActiveCfg = IL2CPP|x64
		{60AAB53B-EE37-4E3C-A71B-74D2FC7E9204}.IL2CPP|Any CPU.Build.0 = IL2CPP|x64
		{E7DFC7C0-0E7C-4E60-9A13-97EFC2260321}.Debug|Any CPU.ActiveCfg = Mono|x64
		{E7DFC7C0-0E7C-4E60-9A13-97EFC2260321}.Debug|Any CPU.Build.0 = Mono|x64
		{E7DFC7C0-0E7C-4E60-9A13-97EFC2260321}.Debug|x64.ActiveCfg = Mono|x64
		{E7DFC7C0-0E7C-4E60-9A13-97EFC2260321}.Debug|x64.Build.0 = Mono|x64
		{E7DFC7C0-0E7C-4E60-9A13-97EFC2260321}.IL2CPP|Any CPU.ActiveCfg = IL2CPP|x64
		{E7DFC7C0-0E7C-4E60-9A13-97EFC2260321}.IL2CPP|Any CPU.Build.0 = IL2CPP|x64
		{E7DFC7C0-0E7C-4E60-9A13-97EFC2260321}.IL2CPP|x64.ActiveCfg = IL2CPP|x64
		{E7DFC7C0-0E7C-4E60-9A13-97EFC2260321}.IL2CPP|x64.Build.0 = IL2CPP|x64
		{E7DFC7C0-0E7C-4E60-9A13-97EFC2260321}.Mono|Any CPU.ActiveCfg = Mono|x64
		{E7DFC7C0-0E7C-4E60-9A13-97EFC2260321}.Mono|Any CPU.Build.0 = Mono|x64
		{E7DFC7C0-0E7C-4E60-9A13-97EFC2260321}.Mono|x64.ActiveCfg = Mono|x64
		{E7DFC7C0-0E7C-4E60-9A13-97EFC2260321}.Mono|x64.Build.0 = Mono|x64
		{E7DFC7C0-0E7C-4E60-9A13-97EFC2260321}.Release|Any CPU.ActiveCfg = Mono|x64
		{E7DFC7C0-0E7C-4E60-9A13-97EFC2260321}.Release|Any CPU.Build.0 = Mono|x64
		{E7DFC7C0-0E7C-4E60-9A13-97EFC2260321}.Release|x64.ActiveCfg = Mono|x64
		{E7DFC7C0-0E7C-4E60-9A13-97EFC2260321}.Release|x64.Build.0 = Mono|x64
		{0CE5DF3F-B8C1-4CD5-AE4E-75D98B2E6281}.Debug|Any CPU.ActiveCfg = Mono|x64
		{0CE5DF3F-B8C1-4CD5-AE4E-75D98B2E6281}.Debug|Any CPU.Build.0 = Mono|x64
		{0CE5DF3F-B8C1-4CD5-AE4E-75D98B2E6281}.Debug|x64.ActiveCfg = Mono|x64
		{0CE5DF3F-B8C1-4CD5-AE4E-75D98B2E6281}.Debug|x64.Build.0 = Mono|x64
		{0CE5DF3F-B8C1-4CD5-AE4E-75D98B2E6281}.IL2CPP|Any CPU.ActiveCfg = IL2CPP|x64
		{0CE5DF3F-B8C1-4CD5-AE4E-75D98B2E6281}.IL2CPP|Any CPU.Build.0 = IL2CPP|x64
		{0CE5DF3F-B8C1-4CD5-AE4E-75D98B2E6281}.IL2CPP|x64.ActiveCfg = IL2CPP|x64
		{0CE5DF3F-B8C1-4CD5-AE4E-75D98B2E6281}.IL2CPP|x64.Build.0 = IL2CPP|x64
		{0CE5DF3F-B8C1-4CD5-AE4E-75D98B2E6281}.Mono|Any CPU.ActiveCfg = Mono|x64
		{0CE5DF3F-B8C1-4CD5-AE4E-75D98B2E6281}.Mono|Any CPU.Build.0 = Mono|x64
		{0CE5DF3F-B8C1-4CD5-AE4E-75D98B2E6281}.Mono|x64.ActiveCfg = Mono|x64
		{0CE5DF3F-B8C1-4CD5-AE4E-75D98B2E6281}.Mono|x64.Build.0 = Mono|x64
		{0CE5DF3F-B8C1-4CD5-AE4E-75D98B2E6281}.Release|Any CPU.ActiveCfg = Mono|x64
		{0CE5DF3F-B8C1-4CD5-AE4E-75D98B2E6281}.Release|Any CPU.Build.0 = Mono|x64
		{0CE5DF3F-B8C1-4CD5-AE4E-75D98B2E6281}.Release|x64.ActiveCfg = Mono|x64
		{0CE5DF3F-B8C1-4CD5-AE4E-75D98B2E6281}.Release|x64.Build.0 = Mono|x64
		{8F575039-A2B3-4BBC-A2AE-C18CEE63B605}.Debug|Any CPU.ActiveCfg = Mono|x64
		{8F575039-A2B3-4BBC-A2AE-C18CEE63B605}.Debug|Any CPU.Build.0 = Mono|x64
		{8F575039-A2B3-4BBC-A2AE-C18CEE63B605}.Debug|x64.ActiveCfg = Mono|x64
		{8F575039-A2B3-4BBC-A2AE-C18CEE63B605}.Debug|x64.Build.0 = Mono|x64
		{8F575039-A2B3-4BBC-A2AE-C18CEE63B605}.IL2CPP|Any CPU.ActiveCfg = IL2CPP|x64
		{8F575039-A2B3-4BBC-A2AE-C18CEE63B605}.IL2CPP|Any CPU.Build.0 = IL2CPP|x64
		{8F575039-A2B3-4BBC-A2AE-C18CEE63B605}.IL2CPP|x64.ActiveCfg = IL2CPP|x64
		{8F575039-A2B3-4BBC-A2AE-C18CEE63B605}.IL2CPP|x64.Build.0 = IL2CPP|x64
		{8F575039-A2B3-4BBC-A2AE-C18CEE63B605}.Mono|Any CPU.ActiveCfg = Mono|x64
		{8F575039-A2B3-4BBC-A2AE-C18CEE63B605}.Mono|Any CPU.Build.0 = Mono|x64
		{8F575039-A2B3-4BBC-A2AE-C18CEE63B605}.Mono|x64.ActiveCfg = Mono|x64
		{8F575039-A2B3-4BBC-A2AE-C18CEE63B605}.Mono|x64.Build.0 = Mono|x64
		{8F575039-A2B3-4BBC-A2AE-C18CEE63B605}.Release|Any CPU.ActiveCfg = Mono|x64
		{8F575039-A2B3-4BBC-A2AE-C18CEE63B605}.Release|Any CPU.Build.0 = Mono|x64
		{8F575039-A2B3-4BBC-A2AE-C18CEE63B605}.Release|x64.ActiveCfg = Mono|x64
		{8F575039-A2B3-4BBC-A2AE-C18CEE63B605}.Release|x64.Build.0 = Mono|x64
		{C68301E8-D64E-4925-8E94-C9B4DB685CA0}.Debug|Any CPU.ActiveCfg = Mono|x64
		{C68301E8-D64E-4925-8E94-C9B4DB685CA0}.Debug|Any CPU.Build.0 = Mono|x64
		{C68301E8-D64E-4925-8E94-C9B4DB685CA0}.Debug|x64.ActiveCfg = Mono|x64
		{C68301E8-D64E-4925-8E94-C9B4DB685CA0}.Debug|x64.Build.0 = Mono|x64
		{C68301E8-D64E-4925-8E94-C9B4DB685CA0}.IL2CPP|Any CPU.ActiveCfg = IL2CPP|x64
		{C68301E8-D64E-4925-8E94-C9B4DB685CA0}.IL2CPP|Any CPU.Build.0 = IL2CPP|x64
		{C68301E8-D64E-4925-8E94-C9B4DB685CA0}.IL2CPP|x64.ActiveCfg = IL2CPP|x64
		{C68301E8-D64E-4925-8E94-C9B4DB685CA0}.IL2CPP|x64.Build.0 = IL2CPP|x64
		{C68301E8-D64E-4925-8E94-C9B4DB685CA0}.Mono|Any CPU.ActiveCfg = Mono|x64
		{C68301E8-D64E-4925-8E94-C9B4DB685CA0}.Mono|Any CPU.Build.0 = Mono|x64
		{C68301E8-D64E-4925-8E94-C9B4DB685CA0}.Mono|x64.ActiveCfg = Mono|x64
		{C68301E8-D64E-4925-8E94-C9B4DB685CA0}.Mono|x64.Build.0 = Mono|x64
		{C68301E8-D64E-4925-8E94-C9B4DB685CA0}.Release|Any CPU.ActiveCfg = Mono|x64
		{C68301E8-D64E-4925-8E94-C9B4DB685CA0}.Release|Any CPU.Build.0 = Mono|x64
		{C68301E8-D64E-4925-8E94-C9B4DB685CA0}.Release|x64.ActiveCfg = Mono|x64
		{C68301E8-D64E-4925-8E94-C9B4DB685CA0}.Release|x64.Build.0 = Mono|x64
		{C5CB688F-B7F3-4796-91AA-D892ACCF2B3E}.Debug|Any CPU.ActiveCfg = Mono|x64
		{C5CB688F-B7F3-4796-91AA-D892ACCF2B3E}.Debug|Any CPU.Build.0 = Mono|x64
		{C5CB688F-B7F3-4796-91AA-D892ACCF2B3E}.Debug|x64.ActiveCfg = Mono|x64
		{C5CB688F-B7F3-4796-91AA-D892ACCF2B3E}.Debug|x64.Build.0 = Mono|x64
		{C5CB688F-B7F3-4796-91AA-D892ACCF2B3E}.IL2CPP|Any CPU.ActiveCfg = IL2CPP|x64
		{C5CB688F-B7F3-4796-91AA-D892ACCF2B3E}.IL2CPP|Any CPU.Build.0 = IL2CPP|x64
		{C5CB688F-B7F3-4796-91AA-D892ACCF2B3E}.IL2CPP|x64.ActiveCfg = IL2CPP|x64
		{C5CB688F-B7F3-4796-91AA-D892ACCF2B3E}.IL2CPP|x64.Build.0 = IL2CPP|x64
		{C5CB688F-B7F3-4796-91AA-D892ACCF2B3E}.Mono|Any CPU.ActiveCfg = Mono|x64
		{C5CB688F-B7F3-4796-91AA-D892ACCF2B3E}.Mono|Any CPU.Build.0 = Mono|x64
		{C5CB688F-B7F3-4796-91AA-D892ACCF2B3E}.Mono|x64.ActiveCfg = Mono|x64
		{C5CB688F-B7F3-4796-91AA-D892ACCF2B3E}.Mono|x64.Build.0 = Mono|x64
		{C5CB688F-B7F3-4796-91AA-D892ACCF2B3E}.Release|Any CPU.ActiveCfg = Mono|x64
		{C5CB688F-B7F3-4796-91AA-D892ACCF2B3E}.Release|Any CPU.Build.0 = Mono|x64
		{C5CB688F-B7F3-4796-91AA-D892ACCF2B3E}.Release|x64.ActiveCfg = Mono|x64
		{C5CB688F-B7F3-4796-91AA-D892ACCF2B3E}.Release|x64.Build.0 = Mono|x64
		{F58AD1A8-F6E7-4F4C-BC55-68C958DABFFB}.Debug|Any CPU.ActiveCfg = IL2CPP|x64
		{F58AD1A8-F6E7-4F4C-BC55-68C958DABFFB}.Debug|Any CPU.Build.0 = IL2CPP|x64
		{F58AD1A8-F6E7-4F4C-BC55-68C958DABFFB}.Debug|x64.ActiveCfg = IL2CPP|x64
		{F58AD1A8-F6E7-4F4C-BC55-68C958DABFFB}.Debug|x64.Build.0 = IL2CPP|x64
		{F58AD1A8-F6E7-4F4C-BC55-68C958DABFFB}.IL2CPP|Any CPU.ActiveCfg = IL2CPP|x64
		{F58AD1A8-F6E7-4F4C-BC55-68C958DABFFB}.IL2CPP|Any CPU.Build.0 = IL2CPP|x64
		{F58AD1A8-F6E7-4F4C-BC55-68C958DABFFB}.IL2CPP|x64.ActiveCfg = IL2CPP|x64
		{F58AD1A8-F6E7-4F4C-BC55-68C958DABFFB}.IL2CPP|x64.Build.0 = IL2CPP|x64
		{F58AD1A8-F6E7-4F4C-BC55-68C958DABFFB}.Mono|Any CPU.ActiveCfg = IL2CPP|x64
		{F58AD1A8-F6E7-4F4C-BC55-68C958DABFFB}.Mono|Any CPU.Build.0 = IL2CPP|x64
		{F58AD1A8-F6E7-4F4C-BC55-68C958DABFFB}.Mono|x64.ActiveCfg = IL2CPP|x64
		{F58AD1A8-F6E7-4F4C-BC55-68C958DABFFB}.Mono|x64.Build.0 = IL2CPP|x64
		{F58AD1A8-F6E7-4F4C-BC55-68C958DABFFB}.Release|Any CPU.ActiveCfg = IL2CPP|x64
		{F58AD1A8-F6E7-4F4C-BC55-68C958DABFFB}.Release|Any CPU.Build.0 = IL2CPP|x64
		{F58AD1A8-F6E7-4F4C-BC55-68C958DABFFB}.Release|x64.ActiveCfg = IL2CPP|x64
		{F58AD1A8-F6E7-4F4C-BC55-68C958DABFFB}.Release|x64.Build.0 = IL2CPP|x64
	EndGlobalSection
	GlobalSection(SolutionProperties) = preSolution
		HideSolutionNode = FALSE
	EndGlobalSection
	GlobalSection(ExtensibilityGlobals) = postSolution
		SolutionGuid = {AD0B40C7-4224-4D10-A223-361376C4E4F0}
	EndGlobalSection
EndGlobal
